// !$*UTF8*$!
{
	archiveVersion = 1;
	classes = {
	};
	objectVersion = 77;
	objects = {

/* Begin PBXBuildFile section */
		883A78622F21E89E00FFA78E /* DELETION_NOTES.md in Resources */ = {isa = PBXBuildFile; fileRef = 883A78612F21E89E00FFA78E /* DELETION_NOTES.md */; };
		88AA9A282F29E05F00110227 /* CONTINUOUS_SCROLL_ARCHITECTURE.md in Resources */ = {isa = PBXBuildFile; fileRef = 88AA9A272F29E05F00110227 /* CONTINUOUS_SCROLL_ARCHITECTURE.md */; };
		88AA9A2A2F29E3A700110227 /* WORLD_CLASS_ENHANCEMENTS.md in Resources */ = {isa = PBXBuildFile; fileRef = 88AA9A292F29E3A700110227 /* WORLD_CLASS_ENHANCEMENTS.md */; };
		88AA9A2C2F29E40100110227 /* CODE_CHANGES_SUMMARY.md in Resources */ = {isa = PBXBuildFile; fileRef = 88AA9A2B2F29E40100110227 /* CODE_CHANGES_SUMMARY.md */; };
		88AA9A322F29EB9F00110227 /* AI_INTEGRATION_COMPLETE.md in Resources */ = {isa = PBXBuildFile; fileRef = 88AA9A312F29EB9F00110227 /* AI_INTEGRATION_COMPLETE.md */; };
/* End PBXBuildFile section */

/* Begin PBXContainerItemProxy section */
		888E3FE82F20526B00678706 /* PBXContainerItemProxy */ = {
			isa = PBXContainerItemProxy;
			containerPortal = 888E3FD02F20526900678706 /* Project object */;
			proxyType = 1;
			remoteGlobalIDString = 888E3FD72F20526900678706;
			remoteInfo = TightFive;
		};
		888E3FF22F20526B00678706 /* PBXContainerItemProxy */ = {
			isa = PBXContainerItemProxy;
			containerPortal = 888E3FD02F20526900678706 /* Project object */;
			proxyType = 1;
			remoteGlobalIDString = 888E3FD72F20526900678706;
			remoteInfo = TightFive;
		};
/* End PBXContainerItemProxy section */

/* Begin PBXFileReference section */
		883A78612F21E89E00FFA78E /* DELETION_NOTES.md */ = {isa = PBXFileReference; lastKnownFileType = net.daringfireball.markdown; path = DELETION_NOTES.md; sourceTree = "<group>"; };
		888E3FD82F20526900678706 /* TightFive.app */ = {isa = PBXFileReference; explicitFileType = wrapper.application; includeInIndex = 0; path = TightFive.app; sourceTree = BUILT_PRODUCTS_DIR; };
		888E3FE72F20526B00678706 /* TightFiveTests.xctest */ = {isa = PBXFileReference; explicitFileType = wrapper.cfbundle; includeInIndex = 0; path = TightFiveTests.xctest; sourceTree = BUILT_PRODUCTS_DIR; };
		888E3FF12F20526B00678706 /* TightFiveUITests.xctest */ = {isa = PBXFileReference; explicitFileType = wrapper.cfbundle; includeInIndex = 0; path = TightFiveUITests.xctest; sourceTree = BUILT_PRODUCTS_DIR; };
		88AA9A232F29DF9F00110227 /* ContinuousScrollEngine.swift */ = {isa = PBXFileReference; lastKnownFileType = sourcecode.swift; path = ContinuousScrollEngine.swift; sourceTree = "<group>"; };
		88AA9A252F29DFAB00110227 /* VoiceAwareScrollController.swift */ = {isa = PBXFileReference; lastKnownFileType = sourcecode.swift; path = VoiceAwareScrollController.swift; sourceTree = "<group>"; };
		88AA9A272F29E05F00110227 /* CONTINUOUS_SCROLL_ARCHITECTURE.md */ = {isa = PBXFileReference; lastKnownFileType = net.daringfireball.markdown; path = CONTINUOUS_SCROLL_ARCHITECTURE.md; sourceTree = "<group>"; };
		88AA9A292F29E3A700110227 /* WORLD_CLASS_ENHANCEMENTS.md */ = {isa = PBXFileReference; lastKnownFileType = net.daringfireball.markdown; path = WORLD_CLASS_ENHANCEMENTS.md; sourceTree = "<group>"; };
		88AA9A2B2F29E40100110227 /* CODE_CHANGES_SUMMARY.md */ = {isa = PBXFileReference; lastKnownFileType = net.daringfireball.markdown; path = CODE_CHANGES_SUMMARY.md; sourceTree = "<group>"; };
		88AA9A2D2F29EA9700110227 /* PerformanceAnalytics.swift */ = {isa = PBXFileReference; lastKnownFileType = sourcecode.swift; path = PerformanceAnalytics.swift; sourceTree = "<group>"; };
		88AA9A2F2F29EAC800110227 /* AcousticAnalyzer.swift */ = {isa = PBXFileReference; lastKnownFileType = sourcecode.swift; path = AcousticAnalyzer.swift; sourceTree = "<group>"; };
		88AA9A312F29EB9F00110227 /* AI_INTEGRATION_COMPLETE.md */ = {isa = PBXFileReference; lastKnownFileType = net.daringfireball.markdown; path = AI_INTEGRATION_COMPLETE.md; sourceTree = "<group>"; };
		88AA9A332F29F12600110227 /* AnalyticsDashboardView.swift */ = {isa = PBXFileReference; lastKnownFileType = sourcecode.swift; path = AnalyticsDashboardView.swift; sourceTree = "<group>"; };
/* End PBXFileReference section */

/* Begin PBXFileSystemSynchronizedBuildFileExceptionSet section */
		883A7BEA2F24A3B500FFA78E /* Exceptions for "TightFive" folder in "TightFive" target */ = {
			isa = PBXFileSystemSynchronizedBuildFileExceptionSet;
			membershipExceptions = (
				Info.plist,
			);
			platformFiltersByRelativePath = {
				TeleprompterTextView.swift = (ios, );
			};
			target = 888E3FD72F20526900678706 /* TightFive */;
		};
/* End PBXFileSystemSynchronizedBuildFileExceptionSet section */

/* Begin PBXFileSystemSynchronizedRootGroup section */
		888E3FDA2F20526900678706 /* TightFive */ = {
			isa = PBXFileSystemSynchronizedRootGroup;
			exceptions = (
				883A7BEA2F24A3B500FFA78E /* Exceptions for "TightFive" folder in "TightFive" target */,
			);
			path = TightFive;
			sourceTree = "<group>";
		};
		888E3FEA2F20526B00678706 /* TightFiveTests */ = {
			isa = PBXFileSystemSynchronizedRootGroup;
			path = TightFiveTests;
			sourceTree = "<group>";
		};
		888E3FF42F20526B00678706 /* TightFiveUITests */ = {
			isa = PBXFileSystemSynchronizedRootGroup;
			path = TightFiveUITests;
			sourceTree = "<group>";
		};
		888E401C2F20682C00678706 /* Fonts */ = {
			isa = PBXFileSystemSynchronizedRootGroup;
			path = Fonts;
			sourceTree = "<group>";
		};
/* End PBXFileSystemSynchronizedRootGroup section */

/* Begin PBXFrameworksBuildPhase section */
		888E3FD52F20526900678706 /* Frameworks */ = {
			isa = PBXFrameworksBuildPhase;
			buildActionMask = 2147483647;
			files = (
			);
			runOnlyForDeploymentPostprocessing = 0;
		};
		888E3FE42F20526B00678706 /* Frameworks */ = {
			isa = PBXFrameworksBuildPhase;
			buildActionMask = 2147483647;
			files = (
			);
			runOnlyForDeploymentPostprocessing = 0;
		};
		888E3FEE2F20526B00678706 /* Frameworks */ = {
			isa = PBXFrameworksBuildPhase;
			buildActionMask = 2147483647;
			files = (
			);
			runOnlyForDeploymentPostprocessing = 0;
		};
/* End PBXFrameworksBuildPhase section */

/* Begin PBXGroup section */
		888E3FCF2F20526900678706 = {
			isa = PBXGroup;
			children = (
				888E401C2F20682C00678706 /* Fonts */,
				888E3FDA2F20526900678706 /* TightFive */,
				888E3FEA2F20526B00678706 /* TightFiveTests */,
				888E3FF42F20526B00678706 /* TightFiveUITests */,
				888E3FD92F20526900678706 /* Products */,
				883A78612F21E89E00FFA78E /* DELETION_NOTES.md */,
				88AA9A232F29DF9F00110227 /* ContinuousScrollEngine.swift */,
				88AA9A252F29DFAB00110227 /* VoiceAwareScrollController.swift */,
				88AA9A272F29E05F00110227 /* CONTINUOUS_SCROLL_ARCHITECTURE.md */,
				88AA9A292F29E3A700110227 /* WORLD_CLASS_ENHANCEMENTS.md */,
				88AA9A2B2F29E40100110227 /* CODE_CHANGES_SUMMARY.md */,
				88AA9A2D2F29EA9700110227 /* PerformanceAnalytics.swift */,
				88AA9A2F2F29EAC800110227 /* AcousticAnalyzer.swift */,
				88AA9A312F29EB9F00110227 /* AI_INTEGRATION_COMPLETE.md */,
				88AA9A332F29F12600110227 /* AnalyticsDashboardView.swift */,
			);
			sourceTree = "<group>";
		};
		888E3FD92F20526900678706 /* Products */ = {
			isa = PBXGroup;
			children = (
				888E3FD82F20526900678706 /* TightFive.app */,
				888E3FE72F20526B00678706 /* TightFiveTests.xctest */,
				888E3FF12F20526B00678706 /* TightFiveUITests.xctest */,
			);
			name = Products;
			sourceTree = "<group>";
		};
/* End PBXGroup section */

/* Begin PBXNativeTarget section */
		888E3FD72F20526900678706 /* TightFive */ = {
			isa = PBXNativeTarget;
			buildConfigurationList = 888E3FFB2F20526B00678706 /* Build configuration list for PBXNativeTarget "TightFive" */;
			buildPhases = (
				888E3FD42F20526900678706 /* Sources */,
				888E3FD52F20526900678706 /* Frameworks */,
				888E3FD62F20526900678706 /* Resources */,
			);
			buildRules = (
			);
			dependencies = (
			);
			fileSystemSynchronizedGroups = (
				888E3FDA2F20526900678706 /* TightFive */,
				888E401C2F20682C00678706 /* Fonts */,
			);
			name = TightFive;
			packageProductDependencies = (
			);
			productName = TightFive;
			productReference = 888E3FD82F20526900678706 /* TightFive.app */;
			productType = "com.apple.product-type.application";
		};
		888E3FE62F20526B00678706 /* TightFiveTests */ = {
			isa = PBXNativeTarget;
			buildConfigurationList = 888E3FFE2F20526B00678706 /* Build configuration list for PBXNativeTarget "TightFiveTests" */;
			buildPhases = (
				888E3FE32F20526B00678706 /* Sources */,
				888E3FE42F20526B00678706 /* Frameworks */,
				888E3FE52F20526B00678706 /* Resources */,
			);
			buildRules = (
			);
			dependencies = (
				888E3FE92F20526B00678706 /* PBXTargetDependency */,
			);
			fileSystemSynchronizedGroups = (
				888E3FEA2F20526B00678706 /* TightFiveTests */,
			);
			name = TightFiveTests;
			packageProductDependencies = (
			);
			productName = TightFiveTests;
			productReference = 888E3FE72F20526B00678706 /* TightFiveTests.xctest */;
			productType = "com.apple.product-type.bundle.unit-test";
		};
		888E3FF02F20526B00678706 /* TightFiveUITests */ = {
			isa = PBXNativeTarget;
			buildConfigurationList = 888E40012F20526B00678706 /* Build configuration list for PBXNativeTarget "TightFiveUITests" */;
			buildPhases = (
				888E3FED2F20526B00678706 /* Sources */,
				888E3FEE2F20526B00678706 /* Frameworks */,
				888E3FEF2F20526B00678706 /* Resources */,
			);
			buildRules = (
			);
			dependencies = (
				888E3FF32F20526B00678706 /* PBXTargetDependency */,
			);
			fileSystemSynchronizedGroups = (
				888E3FF42F20526B00678706 /* TightFiveUITests */,
			);
			name = TightFiveUITests;
			packageProductDependencies = (
			);
			productName = TightFiveUITests;
			productReference = 888E3FF12F20526B00678706 /* TightFiveUITests.xctest */;
			productType = "com.apple.product-type.bundle.ui-testing";
		};
/* End PBXNativeTarget section */

/* Begin PBXProject section */
		888E3FD02F20526900678706 /* Project object */ = {
			isa = PBXProject;
			attributes = {
				BuildIndependentTargetsInParallel = 1;
				LastSwiftUpdateCheck = 2620;
				LastUpgradeCheck = 2620;
				TargetAttributes = {
					888E3FD72F20526900678706 = {
						CreatedOnToolsVersion = 26.2;
						LastSwiftMigration = 2620;
					};
					888E3FE62F20526B00678706 = {
						CreatedOnToolsVersion = 26.2;
						TestTargetID = 888E3FD72F20526900678706;
					};
					888E3FF02F20526B00678706 = {
						CreatedOnToolsVersion = 26.2;
						TestTargetID = 888E3FD72F20526900678706;
					};
				};
			};
			buildConfigurationList = 888E3FD32F20526900678706 /* Build configuration list for PBXProject "TightFive" */;
			developmentRegion = en;
			hasScannedForEncodings = 0;
			knownRegions = (
				en,
				Base,
			);
			mainGroup = 888E3FCF2F20526900678706;
			minimizedProjectReferenceProxies = 1;
			preferredProjectObjectVersion = 77;
			productRefGroup = 888E3FD92F20526900678706 /* Products */;
			projectDirPath = "";
			projectRoot = "";
			targets = (
				888E3FD72F20526900678706 /* TightFive */,
				888E3FE62F20526B00678706 /* TightFiveTests */,
				888E3FF02F20526B00678706 /* TightFiveUITests */,
			);
		};
/* End PBXProject section */

/* Begin PBXResourcesBuildPhase section */
		888E3FD62F20526900678706 /* Resources */ = {
			isa = PBXResourcesBuildPhase;
			buildActionMask = 2147483647;
			files = (
				88AA9A322F29EB9F00110227 /* AI_INTEGRATION_COMPLETE.md in Resources */,
				883A78622F21E89E00FFA78E /* DELETION_NOTES.md in Resources */,
				88AA9A282F29E05F00110227 /* CONTINUOUS_SCROLL_ARCHITECTURE.md in Resources */,
				88AA9A2C2F29E40100110227 /* CODE_CHANGES_SUMMARY.md in Resources */,
				88AA9A2A2F29E3A700110227 /* WORLD_CLASS_ENHANCEMENTS.md in Resources */,
			);
			runOnlyForDeploymentPostprocessing = 0;
		};
		888E3FE52F20526B00678706 /* Resources */ = {
			isa = PBXResourcesBuildPhase;
			buildActionMask = 2147483647;
			files = (
			);
			runOnlyForDeploymentPostprocessing = 0;
		};
		888E3FEF2F20526B00678706 /* Resources */ = {
			isa = PBXResourcesBuildPhase;
			buildActionMask = 2147483647;
			files = (
			);
			runOnlyForDeploymentPostprocessing = 0;
		};
/* End PBXResourcesBuildPhase section */

/* Begin PBXSourcesBuildPhase section */
		888E3FD42F20526900678706 /* Sources */ = {
			isa = PBXSourcesBuildPhase;
			buildActionMask = 2147483647;
			files = (
			);
			runOnlyForDeploymentPostprocessing = 0;
		};
		888E3FE32F20526B00678706 /* Sources */ = {
			isa = PBXSourcesBuildPhase;
			buildActionMask = 2147483647;
			files = (
			);
			runOnlyForDeploymentPostprocessing = 0;
		};
		888E3FED2F20526B00678706 /* Sources */ = {
			isa = PBXSourcesBuildPhase;
			buildActionMask = 2147483647;
			files = (
			);
			runOnlyForDeploymentPostprocessing = 0;
		};
/* End PBXSourcesBuildPhase section */

/* Begin PBXTargetDependency section */
		888E3FE92F20526B00678706 /* PBXTargetDependency */ = {
			isa = PBXTargetDependency;
			target = 888E3FD72F20526900678706 /* TightFive */;
			targetProxy = 888E3FE82F20526B00678706 /* PBXContainerItemProxy */;
		};
		888E3FF32F20526B00678706 /* PBXTargetDependency */ = {
			isa = PBXTargetDependency;
			target = 888E3FD72F20526900678706 /* TightFive */;
			targetProxy = 888E3FF22F20526B00678706 /* PBXContainerItemProxy */;
		};
/* End PBXTargetDependency section */

/* Begin XCBuildConfiguration section */
		888E3FF92F20526B00678706 /* Debug */ = {
			isa = XCBuildConfiguration;
			buildSettings = {
				ALWAYS_SEARCH_USER_PATHS = NO;
				ASSETCATALOG_COMPILER_GENERATE_SWIFT_ASSET_SYMBOL_EXTENSIONS = YES;
				CLANG_ANALYZER_NONNULL = YES;
				CLANG_ANALYZER_NUMBER_OBJECT_CONVERSION = YES_AGGRESSIVE;
				CLANG_CXX_LANGUAGE_STANDARD = "gnu++20";
				CLANG_ENABLE_MODULES = YES;
				CLANG_ENABLE_OBJC_ARC = YES;
				CLANG_ENABLE_OBJC_WEAK = YES;
				CLANG_WARN_BLOCK_CAPTURE_AUTORELEASING = YES;
				CLANG_WARN_BOOL_CONVERSION = YES;
				CLANG_WARN_COMMA = YES;
				CLANG_WARN_CONSTANT_CONVERSION = YES;
				CLANG_WARN_DEPRECATED_OBJC_IMPLEMENTATIONS = YES;
				CLANG_WARN_DIRECT_OBJC_ISA_USAGE = YES_ERROR;
				CLANG_WARN_DOCUMENTATION_COMMENTS = YES;
				CLANG_WARN_EMPTY_BODY = YES;
				CLANG_WARN_ENUM_CONVERSION = YES;
				CLANG_WARN_INFINITE_RECURSION = YES;
				CLANG_WARN_INT_CONVERSION = YES;
				CLANG_WARN_NON_LITERAL_NULL_CONVERSION = YES;
				CLANG_WARN_OBJC_IMPLICIT_RETAIN_SELF = YES;
				CLANG_WARN_OBJC_LITERAL_CONVERSION = YES;
				CLANG_WARN_OBJC_ROOT_CLASS = YES_ERROR;
				CLANG_WARN_QUOTED_INCLUDE_IN_FRAMEWORK_HEADER = YES;
				CLANG_WARN_RANGE_LOOP_ANALYSIS = YES;
				CLANG_WARN_STRICT_PROTOTYPES = YES;
				CLANG_WARN_SUSPICIOUS_MOVE = YES;
				CLANG_WARN_UNGUARDED_AVAILABILITY = YES_AGGRESSIVE;
				CLANG_WARN_UNREACHABLE_CODE = YES;
				CLANG_WARN__DUPLICATE_METHOD_MATCH = YES;
				COPY_PHASE_STRIP = NO;
				DEBUG_INFORMATION_FORMAT = dwarf;
				DEVELOPMENT_TEAM = X879YA8X7Q;
				ENABLE_STRICT_OBJC_MSGSEND = YES;
				ENABLE_TESTABILITY = YES;
				ENABLE_USER_SCRIPT_SANDBOXING = YES;
				GCC_C_LANGUAGE_STANDARD = gnu17;
				GCC_DYNAMIC_NO_PIC = NO;
				GCC_NO_COMMON_BLOCKS = YES;
				GCC_OPTIMIZATION_LEVEL = 0;
				GCC_PREPROCESSOR_DEFINITIONS = (
					"DEBUG=1",
					"$(inherited)",
				);
				GCC_WARN_64_TO_32_BIT_CONVERSION = YES;
				GCC_WARN_ABOUT_RETURN_TYPE = YES_ERROR;
				GCC_WARN_UNDECLARED_SELECTOR = YES;
				GCC_WARN_UNINITIALIZED_AUTOS = YES_AGGRESSIVE;
				GCC_WARN_UNUSED_FUNCTION = YES;
				GCC_WARN_UNUSED_VARIABLE = YES;
				LOCALIZATION_PREFERS_STRING_CATALOGS = YES;
				MTL_ENABLE_DEBUG_INFO = INCLUDE_SOURCE;
				MTL_FAST_MATH = YES;
				ONLY_ACTIVE_ARCH = YES;
				SWIFT_ACTIVE_COMPILATION_CONDITIONS = "DEBUG $(inherited)";
				SWIFT_OPTIMIZATION_LEVEL = "-Onone";
			};
			name = Debug;
		};
		888E3FFA2F20526B00678706 /* Release */ = {
			isa = XCBuildConfiguration;
			buildSettings = {
				ALWAYS_SEARCH_USER_PATHS = NO;
				ASSETCATALOG_COMPILER_GENERATE_SWIFT_ASSET_SYMBOL_EXTENSIONS = YES;
				CLANG_ANALYZER_NONNULL = YES;
				CLANG_ANALYZER_NUMBER_OBJECT_CONVERSION = YES_AGGRESSIVE;
				CLANG_CXX_LANGUAGE_STANDARD = "gnu++20";
				CLANG_ENABLE_MODULES = YES;
				CLANG_ENABLE_OBJC_ARC = YES;
				CLANG_ENABLE_OBJC_WEAK = YES;
				CLANG_WARN_BLOCK_CAPTURE_AUTORELEASING = YES;
				CLANG_WARN_BOOL_CONVERSION = YES;
				CLANG_WARN_COMMA = YES;
				CLANG_WARN_CONSTANT_CONVERSION = YES;
				CLANG_WARN_DEPRECATED_OBJC_IMPLEMENTATIONS = YES;
				CLANG_WARN_DIRECT_OBJC_ISA_USAGE = YES_ERROR;
				CLANG_WARN_DOCUMENTATION_COMMENTS = YES;
				CLANG_WARN_EMPTY_BODY = YES;
				CLANG_WARN_ENUM_CONVERSION = YES;
				CLANG_WARN_INFINITE_RECURSION = YES;
				CLANG_WARN_INT_CONVERSION = YES;
				CLANG_WARN_NON_LITERAL_NULL_CONVERSION = YES;
				CLANG_WARN_OBJC_IMPLICIT_RETAIN_SELF = YES;
				CLANG_WARN_OBJC_LITERAL_CONVERSION = YES;
				CLANG_WARN_OBJC_ROOT_CLASS = YES_ERROR;
				CLANG_WARN_QUOTED_INCLUDE_IN_FRAMEWORK_HEADER = YES;
				CLANG_WARN_RANGE_LOOP_ANALYSIS = YES;
				CLANG_WARN_STRICT_PROTOTYPES = YES;
				CLANG_WARN_SUSPICIOUS_MOVE = YES;
				CLANG_WARN_UNGUARDED_AVAILABILITY = YES_AGGRESSIVE;
				CLANG_WARN_UNREACHABLE_CODE = YES;
				CLANG_WARN__DUPLICATE_METHOD_MATCH = YES;
				COPY_PHASE_STRIP = NO;
				DEBUG_INFORMATION_FORMAT = "dwarf-with-dsym";
				DEVELOPMENT_TEAM = X879YA8X7Q;
				ENABLE_NS_ASSERTIONS = NO;
				ENABLE_STRICT_OBJC_MSGSEND = YES;
				ENABLE_USER_SCRIPT_SANDBOXING = YES;
				GCC_C_LANGUAGE_STANDARD = gnu17;
				GCC_NO_COMMON_BLOCKS = YES;
				GCC_WARN_64_TO_32_BIT_CONVERSION = YES;
				GCC_WARN_ABOUT_RETURN_TYPE = YES_ERROR;
				GCC_WARN_UNDECLARED_SELECTOR = YES;
				GCC_WARN_UNINITIALIZED_AUTOS = YES_AGGRESSIVE;
				GCC_WARN_UNUSED_FUNCTION = YES;
				GCC_WARN_UNUSED_VARIABLE = YES;
				LOCALIZATION_PREFERS_STRING_CATALOGS = YES;
				MTL_ENABLE_DEBUG_INFO = NO;
				MTL_FAST_MATH = YES;
				SWIFT_COMPILATION_MODE = wholemodule;
			};
			name = Release;
		};
		888E3FFC2F20526B00678706 /* Debug */ = {
			isa = XCBuildConfiguration;
			buildSettings = {
				ASSETCATALOG_COMPILER_APPICON_NAME = AppIcon;
				ASSETCATALOG_COMPILER_GLOBAL_ACCENT_COLOR_NAME = AccentColor;
				CLANG_ENABLE_MODULES = YES;
				CODE_SIGN_STYLE = Automatic;
				CURRENT_PROJECT_VERSION = 1;
				DEVELOPMENT_TEAM = X879YA8X7Q;
				ENABLE_APP_SANDBOX = YES;
				ENABLE_HARDENED_RUNTIME = YES;
				ENABLE_PREVIEWS = YES;
				ENABLE_USER_SELECTED_FILES = readonly;
				GENERATE_INFOPLIST_FILE = YES;
				INFOPLIST_FILE = TightFive/Info.plist;
				INFOPLIST_KEY_NSMicrophoneUsageDescription = "Tight Five needs access to the microphone to hear your dictation.";
				INFOPLIST_KEY_NSPhotoLibraryUsageDescription = "Access to photo library so users can upload profile pictures and save Bit cards to photo roll";
				INFOPLIST_KEY_NSSpeechRecognitionUsageDescription = "Tight Five needs to analyze your speech to transcribe your jokes.";
				"INFOPLIST_KEY_UIApplicationSceneManifest_Generation[sdk=iphoneos*]" = YES;
				"INFOPLIST_KEY_UIApplicationSceneManifest_Generation[sdk=iphonesimulator*]" = YES;
				"INFOPLIST_KEY_UIApplicationSupportsIndirectInputEvents[sdk=iphoneos*]" = YES;
				"INFOPLIST_KEY_UIApplicationSupportsIndirectInputEvents[sdk=iphonesimulator*]" = YES;
				"INFOPLIST_KEY_UILaunchScreen_Generation[sdk=iphoneos*]" = YES;
				"INFOPLIST_KEY_UILaunchScreen_Generation[sdk=iphonesimulator*]" = YES;
				"INFOPLIST_KEY_UIStatusBarStyle[sdk=iphoneos*]" = UIStatusBarStyleDefault;
				"INFOPLIST_KEY_UIStatusBarStyle[sdk=iphonesimulator*]" = UIStatusBarStyleDefault;
				INFOPLIST_KEY_UISupportedInterfaceOrientations_iPad = "UIInterfaceOrientationPortrait UIInterfaceOrientationPortraitUpsideDown UIInterfaceOrientationLandscapeLeft UIInterfaceOrientationLandscapeRight";
				INFOPLIST_KEY_UISupportedInterfaceOrientations_iPhone = "UIInterfaceOrientationPortrait UIInterfaceOrientationLandscapeLeft UIInterfaceOrientationLandscapeRight";
				IPHONEOS_DEPLOYMENT_TARGET = 26;
				LD_RUNPATH_SEARCH_PATHS = "@executable_path/Frameworks";
				"LD_RUNPATH_SEARCH_PATHS[sdk=macosx*]" = "@executable_path/../Frameworks";
				MACOSX_DEPLOYMENT_TARGET = 26.2;
				MARKETING_VERSION = 1.0;
				PRODUCT_BUNDLE_IDENTIFIER = com.jessecherry.TightFive;
				PRODUCT_NAME = "$(TARGET_NAME)";
				REGISTER_APP_GROUPS = YES;
				SDKROOT = auto;
				STRING_CATALOG_GENERATE_SYMBOLS = YES;
				SUPPORTED_PLATFORMS = "iphoneos iphonesimulator macosx xros xrsimulator";
				SWIFT_APPROACHABLE_CONCURRENCY = YES;
				SWIFT_DEFAULT_ACTOR_ISOLATION = MainActor;
				SWIFT_EMIT_LOC_STRINGS = YES;
				SWIFT_OPTIMIZATION_LEVEL = "-Onone";
				SWIFT_UPCOMING_FEATURE_MEMBER_IMPORT_VISIBILITY = YES;
				SWIFT_VERSION = 5.0;
				TARGETED_DEVICE_FAMILY = "1,2,7";
				XROS_DEPLOYMENT_TARGET = 26.2;
			};
			name = Debug;
		};
		888E3FFD2F20526B00678706 /* Release */ = {
			isa = XCBuildConfiguration;
			buildSettings = {
				ASSETCATALOG_COMPILER_APPICON_NAME = AppIcon;
				ASSETCATALOG_COMPILER_GLOBAL_ACCENT_COLOR_NAME = AccentColor;
				CLANG_ENABLE_MODULES = YES;
				CODE_SIGN_STYLE = Automatic;
				CURRENT_PROJECT_VERSION = 1;
				DEVELOPMENT_TEAM = X879YA8X7Q;
				ENABLE_APP_SANDBOX = YES;
				ENABLE_HARDENED_RUNTIME = YES;
				ENABLE_PREVIEWS = YES;
				ENABLE_USER_SELECTED_FILES = readonly;
				GENERATE_INFOPLIST_FILE = YES;
				INFOPLIST_FILE = TightFive/Info.plist;
				INFOPLIST_KEY_NSMicrophoneUsageDescription = "Tight Five needs access to the microphone to hear your dictation.";
				INFOPLIST_KEY_NSPhotoLibraryUsageDescription = "Access to photo library so users can upload profile pictures and save Bit cards to photo roll";
				INFOPLIST_KEY_NSSpeechRecognitionUsageDescription = "Tight Five needs to analyze your speech to transcribe your jokes.";
				"INFOPLIST_KEY_UIApplicationSceneManifest_Generation[sdk=iphoneos*]" = YES;
				"INFOPLIST_KEY_UIApplicationSceneManifest_Generation[sdk=iphonesimulator*]" = YES;
				"INFOPLIST_KEY_UIApplicationSupportsIndirectInputEvents[sdk=iphoneos*]" = YES;
				"INFOPLIST_KEY_UIApplicationSupportsIndirectInputEvents[sdk=iphonesimulator*]" = YES;
				"INFOPLIST_KEY_UILaunchScreen_Generation[sdk=iphoneos*]" = YES;
				"INFOPLIST_KEY_UILaunchScreen_Generation[sdk=iphonesimulator*]" = YES;
				"INFOPLIST_KEY_UIStatusBarStyle[sdk=iphoneos*]" = UIStatusBarStyleDefault;
				"INFOPLIST_KEY_UIStatusBarStyle[sdk=iphonesimulator*]" = UIStatusBarStyleDefault;
				INFOPLIST_KEY_UISupportedInterfaceOrientations_iPad = "UIInterfaceOrientationPortrait UIInterfaceOrientationPortraitUpsideDown UIInterfaceOrientationLandscapeLeft UIInterfaceOrientationLandscapeRight";
				INFOPLIST_KEY_UISupportedInterfaceOrientations_iPhone = "UIInterfaceOrientationPortrait UIInterfaceOrientationLandscapeLeft UIInterfaceOrientationLandscapeRight";
				IPHONEOS_DEPLOYMENT_TARGET = 26;
				LD_RUNPATH_SEARCH_PATHS = "@executable_path/Frameworks";
				"LD_RUNPATH_SEARCH_PATHS[sdk=macosx*]" = "@executable_path/../Frameworks";
				MACOSX_DEPLOYMENT_TARGET = 26.2;
				MARKETING_VERSION = 1.0;
				PRODUCT_BUNDLE_IDENTIFIER = com.jessecherry.TightFive;
				PRODUCT_NAME = "$(TARGET_NAME)";
				REGISTER_APP_GROUPS = YES;
				SDKROOT = auto;
				STRING_CATALOG_GENERATE_SYMBOLS = YES;
				SUPPORTED_PLATFORMS = "iphoneos iphonesimulator macosx xros xrsimulator";
				SWIFT_APPROACHABLE_CONCURRENCY = YES;
				SWIFT_DEFAULT_ACTOR_ISOLATION = MainActor;
				SWIFT_EMIT_LOC_STRINGS = YES;
				SWIFT_UPCOMING_FEATURE_MEMBER_IMPORT_VISIBILITY = YES;
				SWIFT_VERSION = 5.0;
				TARGETED_DEVICE_FAMILY = "1,2,7";
				XROS_DEPLOYMENT_TARGET = 26.2;
			};
			name = Release;
		};
		888E3FFF2F20526B00678706 /* Debug */ = {
			isa = XCBuildConfiguration;
			buildSettings = {
				BUNDLE_LOADER = "$(TEST_HOST)";
				CODE_SIGN_STYLE = Automatic;
				CURRENT_PROJECT_VERSION = 1;
				DEVELOPMENT_TEAM = X879YA8X7Q;
				GENERATE_INFOPLIST_FILE = YES;
				IPHONEOS_DEPLOYMENT_TARGET = 26.2;
				MACOSX_DEPLOYMENT_TARGET = 26.2;
				MARKETING_VERSION = 1.0;
				PRODUCT_BUNDLE_IDENTIFIER = com.jessecherry.TightFiveTests;
				PRODUCT_NAME = "$(TARGET_NAME)";
				SDKROOT = auto;
				STRING_CATALOG_GENERATE_SYMBOLS = NO;
				SUPPORTED_PLATFORMS = "iphoneos iphonesimulator macosx xros xrsimulator";
				SWIFT_APPROACHABLE_CONCURRENCY = YES;
				SWIFT_EMIT_LOC_STRINGS = NO;
				SWIFT_UPCOMING_FEATURE_MEMBER_IMPORT_VISIBILITY = YES;
				SWIFT_VERSION = 5.0;
				TARGETED_DEVICE_FAMILY = "1,2,7";
				TEST_HOST = "$(BUILT_PRODUCTS_DIR)/TightFive.app/$(BUNDLE_EXECUTABLE_FOLDER_PATH)/TightFive";
				XROS_DEPLOYMENT_TARGET = 26.2;
			};
			name = Debug;
		};
		888E40002F20526B00678706 /* Release */ = {
			isa = XCBuildConfiguration;
			buildSettings = {
				BUNDLE_LOADER = "$(TEST_HOST)";
				CODE_SIGN_STYLE = Automatic;
				CURRENT_PROJECT_VERSION = 1;
				DEVELOPMENT_TEAM = X879YA8X7Q;
				GENERATE_INFOPLIST_FILE = YES;
				IPHONEOS_DEPLOYMENT_TARGET = 26.2;
				MACOSX_DEPLOYMENT_TARGET = 26.2;
				MARKETING_VERSION = 1.0;
				PRODUCT_BUNDLE_IDENTIFIER = com.jessecherry.TightFiveTests;
				PRODUCT_NAME = "$(TARGET_NAME)";
				SDKROOT = auto;
				STRING_CATALOG_GENERATE_SYMBOLS = NO;
				SUPPORTED_PLATFORMS = "iphoneos iphonesimulator macosx xros xrsimulator";
				SWIFT_APPROACHABLE_CONCURRENCY = YES;
				SWIFT_EMIT_LOC_STRINGS = NO;
				SWIFT_UPCOMING_FEATURE_MEMBER_IMPORT_VISIBILITY = YES;
				SWIFT_VERSION = 5.0;
				TARGETED_DEVICE_FAMILY = "1,2,7";
				TEST_HOST = "$(BUILT_PRODUCTS_DIR)/TightFive.app/$(BUNDLE_EXECUTABLE_FOLDER_PATH)/TightFive";
				XROS_DEPLOYMENT_TARGET = 26.2;
			};
			name = Release;
		};
		888E40022F20526B00678706 /* Debug */ = {
			isa = XCBuildConfiguration;
			buildSettings = {
				CODE_SIGN_STYLE = Automatic;
				CURRENT_PROJECT_VERSION = 1;
				DEVELOPMENT_TEAM = X879YA8X7Q;
				GENERATE_INFOPLIST_FILE = YES;
				IPHONEOS_DEPLOYMENT_TARGET = 26.2;
				MACOSX_DEPLOYMENT_TARGET = 26.2;
				MARKETING_VERSION = 1.0;
				PRODUCT_BUNDLE_IDENTIFIER = com.jessecherry.TightFiveUITests;
				PRODUCT_NAME = "$(TARGET_NAME)";
				SDKROOT = auto;
				STRING_CATALOG_GENERATE_SYMBOLS = NO;
				SUPPORTED_PLATFORMS = "iphoneos iphonesimulator macosx xros xrsimulator";
				SWIFT_APPROACHABLE_CONCURRENCY = YES;
				SWIFT_EMIT_LOC_STRINGS = NO;
				SWIFT_UPCOMING_FEATURE_MEMBER_IMPORT_VISIBILITY = YES;
				SWIFT_VERSION = 5.0;
				TARGETED_DEVICE_FAMILY = "1,2,7";
				TEST_TARGET_NAME = TightFive;
				XROS_DEPLOYMENT_TARGET = 26.2;
			};
			name = Debug;
		};
		888E40032F20526B00678706 /* Release */ = {
			isa = XCBuildConfiguration;
			buildSettings = {
				CODE_SIGN_STYLE = Automatic;
				CURRENT_PROJECT_VERSION = 1;
				DEVELOPMENT_TEAM = X879YA8X7Q;
				GENERATE_INFOPLIST_FILE = YES;
				IPHONEOS_DEPLOYMENT_TARGET = 26.2;
				MACOSX_DEPLOYMENT_TARGET = 26.2;
				MARKETING_VERSION = 1.0;
				PRODUCT_BUNDLE_IDENTIFIER = com.jessecherry.TightFiveUITests;
				PRODUCT_NAME = "$(TARGET_NAME)";
				SDKROOT = auto;
				STRING_CATALOG_GENERATE_SYMBOLS = NO;
				SUPPORTED_PLATFORMS = "iphoneos iphonesimulator macosx xros xrsimulator";
				SWIFT_APPROACHABLE_CONCURRENCY = YES;
				SWIFT_EMIT_LOC_STRINGS = NO;
				SWIFT_UPCOMING_FEATURE_MEMBER_IMPORT_VISIBILITY = YES;
				SWIFT_VERSION = 5.0;
				TARGETED_DEVICE_FAMILY = "1,2,7";
				TEST_TARGET_NAME = TightFive;
				XROS_DEPLOYMENT_TARGET = 26.2;
			};
			name = Release;
		};
/* End XCBuildConfiguration section */

/* Begin XCConfigurationList section */
		888E3FD32F20526900678706 /* Build configuration list for PBXProject "TightFive" */ = {
			isa = XCConfigurationList;
			buildConfigurations = (
				888E3FF92F20526B00678706 /* Debug */,
				888E3FFA2F20526B00678706 /* Release */,
			);
			defaultConfigurationIsVisible = 0;
			defaultConfigurationName = Release;
		};
		888E3FFB2F20526B00678706 /* Build configuration list for PBXNativeTarget "TightFive" */ = {
			isa = XCConfigurationList;
			buildConfigurations = (
				888E3FFC2F20526B00678706 /* Debug */,
				888E3FFD2F20526B00678706 /* Release */,
			);
			defaultConfigurationIsVisible = 0;
			defaultConfigurationName = Release;
		};
		888E3FFE2F20526B00678706 /* Build configuration list for PBXNativeTarget "TightFiveTests" */ = {
			isa = XCConfigurationList;
			buildConfigurations = (
				888E3FFF2F20526B00678706 /* Debug */,
				888E40002F20526B00678706 /* Release */,
			);
			defaultConfigurationIsVisible = 0;
			defaultConfigurationName = Release;
		};
		888E40012F20526B00678706 /* Build configuration list for PBXNativeTarget "TightFiveUITests" */ = {
			isa = XCConfigurationList;
			buildConfigurations = (
				888E40022F20526B00678706 /* Debug */,
				888E40032F20526B00678706 /* Release */,
			);
			defaultConfigurationIsVisible = 0;
			defaultConfigurationName = Release;
		};
/* End XCConfigurationList section */
	};
	rootObject = 888E3FD02F20526900678706 /* Project object */;
}
